
Microsoft Visual Studio Solution File, Format Version 12.00
# Visual Studio Version 17
VisualStudioVersion = 17.14.36414.22 d17.14
MinimumVisualStudioVersion = 10.0.40219.1
Project("{FAE04EC0-301F-11D3-BF4B-00C04F79EFBC}") = "13.While", "13.While\13.While.csproj", "{C876CCF9-00A3-4FD2-99C8-8887A59CD70B}"
EndProject
Global
	GlobalSection(SolutionConfigurationPlatforms) = preSolution
		Debug|Any CPU = Debug|Any CPU
		Release|Any CPU = Release|Any CPU
	EndGlobalSection
	GlobalSection(ProjectConfigurationPlatforms) = postSolution
		{C876CCF9-00A3-4FD2-99C8-8887A59CD70B}.Debug|Any CPU.ActiveCfg = Debug|Any CPU
		{C876CCF9-00A3-4FD2-99C8-8887A59CD70B}.Debug|Any CPU.Build.0 = Debug|Any CPU
		{C876CCF9-00A3-4FD2-99C8-8887A59CD70B}.Release|Any CPU.ActiveCfg = Release|Any CPU
		{C876CCF9-00A3-4FD2-99C8-8887A59CD70B}.Release|Any CPU.Build.0 = Release|Any CPU
	EndGlobalSection
	GlobalSection(SolutionProperties) = preSolution
		HideSolutionNode = FALSE
	EndGlobalSection
	GlobalSection(ExtensibilityGlobals) = postSolution
		SolutionGuid = {A0743A33-7302-479F-8B85-62B7C75E3C68}
	EndGlobalSection
EndGlobal
